
Microsoft Visual Studio Solution File, Format Version 12.00
# Visual Studio Version 17
VisualStudioVersion = 17.6.33829.357
MinimumVisualStudioVersion = 10.0.40219.1
Project("{FAE04EC0-301F-11D3-BF4B-00C04F79EFBC}") = "QLBanHangThietBiCongNghe", "QLBanHangGiaDung\QLBanHangThietBiCongNghe.csproj", "{FAB3F56D-E8BB-4268-BDC6-2743ED63C462}"
EndProject
Global
	GlobalSection(SolutionConfigurationPlatforms) = preSolution
		Debug|Any CPU = Debug|Any CPU
		Release|Any CPU = Release|Any CPU
	EndGlobalSection
	GlobalSection(ProjectConfigurationPlatforms) = postSolution
		{FAB3F56D-E8BB-4268-BDC6-2743ED63C462}.Debug|Any CPU.ActiveCfg = Debug|Any CPU
		{FAB3F56D-E8BB-4268-BDC6-2743ED63C462}.Debug|Any CPU.Build.0 = Debug|Any CPU
		{FAB3F56D-E8BB-4268-BDC6-2743ED63C462}.Release|Any CPU.ActiveCfg = Release|Any CPU
		{FAB3F56D-E8BB-4268-BDC6-2743ED63C462}.Release|Any CPU.Build.0 = Release|Any CPU
	EndGlobalSection
	GlobalSection(SolutionProperties) = preSolution
		HideSolutionNode = FALSE
	EndGlobalSection
	GlobalSection(ExtensibilityGlobals) = postSolution
		SolutionGuid = {ABEF09FF-CEA1-4225-B74D-68AD10A19D9C}
	EndGlobalSection
EndGlobal
